
Microsoft Visual Studio Solution File, Format Version 12.00
# Visual Studio Version 17
VisualStudioVersion = 17.3.32922.545
MinimumVisualStudioVersion = 10.0.40219.1
Project("{FAE04EC0-301F-11D3-BF4B-00C04F79EFBC}") = "Marylebone.API", "Marylebone\Marylebone.API.csproj", "{9C1283C2-CB30-4CF0-B722-F0D5F7FAD814}"
EndProject
Project("{FAE04EC0-301F-11D3-BF4B-00C04F79EFBC}") = "Marylebone.Domain", "Marylebone.Domain\Marylebone.Domain.csproj", "{5C15A8DD-4158-4D19-9414-294AF4281688}"
EndProject
Global
	GlobalSection(SolutionConfigurationPlatforms) = preSolution
		Debug|Any CPU = Debug|Any CPU
		Release|Any CPU = Release|Any CPU
	EndGlobalSection
	GlobalSection(ProjectConfigurationPlatforms) = postSolution
		{9C1283C2-CB30-4CF0-B722-F0D5F7FAD814}.Debug|Any CPU.ActiveCfg = Debug|Any CPU
		{9C1283C2-CB30-4CF0-B722-F0D5F7FAD814}.Debug|Any CPU.Build.0 = Debug|Any CPU
		{9C1283C2-CB30-4CF0-B722-F0D5F7FAD814}.Release|Any CPU.ActiveCfg = Release|Any CPU
		{9C1283C2-CB30-4CF0-B722-F0D5F7FAD814}.Release|Any CPU.Build.0 = Release|Any CPU
		{5C15A8DD-4158-4D19-9414-294AF4281688}.Debug|Any CPU.ActiveCfg = Debug|Any CPU
		{5C15A8DD-4158-4D19-9414-294AF4281688}.Debug|Any CPU.Build.0 = Debug|Any CPU
		{5C15A8DD-4158-4D19-9414-294AF4281688}.Release|Any CPU.ActiveCfg = Release|Any CPU
		{5C15A8DD-4158-4D19-9414-294AF4281688}.Release|Any CPU.Build.0 = Release|Any CPU
	EndGlobalSection
	GlobalSection(SolutionProperties) = preSolution
		HideSolutionNode = FALSE
	EndGlobalSection
	GlobalSection(ExtensibilityGlobals) = postSolution
		SolutionGuid = {E9BB67BB-7BE0-4DB9-B5F7-1A14D8FD6793}
	EndGlobalSection
EndGlobal
